
Microsoft Visual Studio Solution File, Format Version 12.00
# Visual Studio Version 17
VisualStudioVersion = 17.13.36105.23 d17.13
MinimumVisualStudioVersion = 10.0.40219.1
Project("{FAE04EC0-301F-11D3-BF4B-00C04F79EFBC}") = "Practice", "Practice.csproj", "{1BE91E29-4E3B-494C-8071-178A682DFE16}"
EndProject
Global
	GlobalSection(SolutionConfigurationPlatforms) = preSolution
		Debug|Any CPU = Debug|Any CPU
		Release|Any CPU = Release|Any CPU
	EndGlobalSection
	GlobalSection(ProjectConfigurationPlatforms) = postSolution
		{1BE91E29-4E3B-494C-8071-178A682DFE16}.Debug|Any CPU.ActiveCfg = Debug|Any CPU
		{1BE91E29-4E3B-494C-8071-178A682DFE16}.Debug|Any CPU.Build.0 = Debug|Any CPU
		{1BE91E29-4E3B-494C-8071-178A682DFE16}.Release|Any CPU.ActiveCfg = Release|Any CPU
		{1BE91E29-4E3B-494C-8071-178A682DFE16}.Release|Any CPU.Build.0 = Release|Any CPU
	EndGlobalSection
	GlobalSection(SolutionProperties) = preSolution
		HideSolutionNode = FALSE
	EndGlobalSection
	GlobalSection(ExtensibilityGlobals) = postSolution
		SolutionGuid = {2F7AB80D-67A8-4B79-A01D-3B31A4CC55BF}
	EndGlobalSection
EndGlobal
